
Microsoft Visual Studio Solution File, Format Version 12.00
# Visual Studio Version 16
VisualStudioVersion = 16.0.28701.123
MinimumVisualStudioVersion = 10.0.40219.1
Project("{FAE04EC0-301F-11D3-BF4B-00C04F79EFBC}") = "ZvarovaDeformaciaApp", "ZvarovaDeformaciaApp.csproj", "{B71A8FC2-BE90-4F92-BB15-A2D62C72701E}"
EndProject
Global
	GlobalSection(SolutionConfigurationPlatforms) = preSolution
		Debug|Any CPU = Debug|Any CPU
		Release|Any CPU = Release|Any CPU
	EndGlobalSection
	GlobalSection(ProjectConfigurationPlatforms) = postSolution
		{B71A8FC2-BE90-4F92-BB15-A2D62C72701E}.Debug|Any CPU.ActiveCfg = Debug|Any CPU
		{B71A8FC2-BE90-4F92-BB15-A2D62C72701E}.Debug|Any CPU.Build.0 = Debug|Any CPU
		{B71A8FC2-BE90-4F92-BB15-A2D62C72701E}.Release|Any CPU.ActiveCfg = Release|Any CPU
		{B71A8FC2-BE90-4F92-BB15-A2D62C72701E}.Release|Any CPU.Build.0 = Release|Any CPU
	EndGlobalSection
EndGlobal
